{
  "name": "LNF_hosted_v2",
  "lockfileVersion": 3,
  "requires": true,
  "packages": {
    "": {
      "dependencies": {
        "resend": "^6.0.3"
      }
    },
    "node_modules/resend": {
      "version": "6.0.3",
      "resolved": "https://registry.npmjs.org/resend/-/resend-6.0.3.tgz",
      "integrity": "sha512-Yb7o2n52v91LjkUjq5vIZQbJrGiaPoMo2VPAyS0QTKA73tmvHMUQ7P1M56J1ux/Cw9Lf68PeaKidTl6GuS8DTA==",
      "license": "MIT",
      "engines": {
        "node": ">=18"
      },
      "peerDependencies": {
        "@react-email/render": "^1.1.0"
      },
      "peerDependenciesMeta": {
        "@react-email/render": {
          "optional": true
        }
      }
    }
  }
}
